
Microsoft Visual Studio Solution File, Format Version 12.00
# Visual Studio Version 17
VisualStudioVersion = 17.3.32901.215
MinimumVisualStudioVersion = 10.0.40219.1
Project("{FAE04EC0-301F-11D3-BF4B-00C04F79EFBC}") = "Doma.Lekarnicka", "Doma.Lekarnicka\Doma.Lekarnicka.csproj", "{B4CF46D7-379B-4C50-BBF1-8A8457BE92EC}"
EndProject
Project("{FAE04EC0-301F-11D3-BF4B-00C04F79EFBC}") = "Doma.Lekarnicka.Logic", "Doma.Lekarnicka.Logic\Doma.Lekarnicka.Logic.csproj", "{D325247D-A3C5-4535-8913-ABC573436239}"
EndProject
Project("{FAE04EC0-301F-11D3-BF4B-00C04F79EFBC}") = "Doma.Lekarnicka.Logic.Tests", "Doma.Lekarnicka.Logic.Tests\Doma.Lekarnicka.Logic.Tests.csproj", "{A4FB23D7-45E8-4E29-A768-B54B6D777ED3}"
EndProject
Global
	GlobalSection(SolutionConfigurationPlatforms) = preSolution
		Debug|Any CPU = Debug|Any CPU
		Release|Any CPU = Release|Any CPU
	EndGlobalSection
	GlobalSection(ProjectConfigurationPlatforms) = postSolution
		{B4CF46D7-379B-4C50-BBF1-8A8457BE92EC}.Debug|Any CPU.ActiveCfg = Debug|Any CPU
		{B4CF46D7-379B-4C50-BBF1-8A8457BE92EC}.Debug|Any CPU.Build.0 = Debug|Any CPU
		{B4CF46D7-379B-4C50-BBF1-8A8457BE92EC}.Release|Any CPU.ActiveCfg = Release|Any CPU
		{B4CF46D7-379B-4C50-BBF1-8A8457BE92EC}.Release|Any CPU.Build.0 = Release|Any CPU
		{D325247D-A3C5-4535-8913-ABC573436239}.Debug|Any CPU.ActiveCfg = Debug|Any CPU
		{D325247D-A3C5-4535-8913-ABC573436239}.Debug|Any CPU.Build.0 = Debug|Any CPU
		{D325247D-A3C5-4535-8913-ABC573436239}.Release|Any CPU.ActiveCfg = Release|Any CPU
		{D325247D-A3C5-4535-8913-ABC573436239}.Release|Any CPU.Build.0 = Release|Any CPU
		{A4FB23D7-45E8-4E29-A768-B54B6D777ED3}.Debug|Any CPU.ActiveCfg = Debug|Any CPU
		{A4FB23D7-45E8-4E29-A768-B54B6D777ED3}.Debug|Any CPU.Build.0 = Debug|Any CPU
		{A4FB23D7-45E8-4E29-A768-B54B6D777ED3}.Release|Any CPU.ActiveCfg = Release|Any CPU
		{A4FB23D7-45E8-4E29-A768-B54B6D777ED3}.Release|Any CPU.Build.0 = Release|Any CPU
	EndGlobalSection
	GlobalSection(SolutionProperties) = preSolution
		HideSolutionNode = FALSE
	EndGlobalSection
	GlobalSection(ExtensibilityGlobals) = postSolution
		SolutionGuid = {95E1EC1B-466E-4D60-94EC-53864CE882B0}
	EndGlobalSection
EndGlobal
